
Microsoft Visual Studio Solution File, Format Version 12.00
# Visual Studio Version 16
VisualStudioVersion = 16.0.30114.105
MinimumVisualStudioVersion = 10.0.40219.1
Project("{FAE04EC0-301F-11D3-BF4B-00C04F79EFBC}") = "SnakeGame", "SnakeGame\SnakeGame.csproj", "{E1078155-2A2F-4839-9A7C-A413944C83AE}"
EndProject
Global
	GlobalSection(SolutionConfigurationPlatforms) = preSolution
		Debug|Any CPU = Debug|Any CPU
		Release|Any CPU = Release|Any CPU
	EndGlobalSection
	GlobalSection(ProjectConfigurationPlatforms) = postSolution
		{E1078155-2A2F-4839-9A7C-A413944C83AE}.Debug|Any CPU.ActiveCfg = Debug|Any CPU
		{E1078155-2A2F-4839-9A7C-A413944C83AE}.Debug|Any CPU.Build.0 = Debug|Any CPU
		{E1078155-2A2F-4839-9A7C-A413944C83AE}.Release|Any CPU.ActiveCfg = Release|Any CPU
		{E1078155-2A2F-4839-9A7C-A413944C83AE}.Release|Any CPU.Build.0 = Release|Any CPU
	EndGlobalSection
	GlobalSection(SolutionProperties) = preSolution
		HideSolutionNode = FALSE
	EndGlobalSection
	GlobalSection(ExtensibilityGlobals) = postSolution
		SolutionGuid = {6E3F4AD6-4393-4EC9-A054-338B819D20B5}
	EndGlobalSection
EndGlobal
